
Microsoft Visual Studio Solution File, Format Version 12.00
# Visual Studio Version 16
VisualStudioVersion = 16.0.30406.217
MinimumVisualStudioVersion = 10.0.40219.1
Project("{FAE04EC0-301F-11D3-BF4B-00C04F79EFBC}") = "apbd-tut12-MVC", "apbd-tut12-MVC\apbd-tut12-MVC.csproj", "{248A2B82-E0B9-4FBC-994C-20A7FB921ADF}"
EndProject
Global
	GlobalSection(SolutionConfigurationPlatforms) = preSolution
		Debug|Any CPU = Debug|Any CPU
		Release|Any CPU = Release|Any CPU
	EndGlobalSection
	GlobalSection(ProjectConfigurationPlatforms) = postSolution
		{248A2B82-E0B9-4FBC-994C-20A7FB921ADF}.Debug|Any CPU.ActiveCfg = Debug|Any CPU
		{248A2B82-E0B9-4FBC-994C-20A7FB921ADF}.Debug|Any CPU.Build.0 = Debug|Any CPU
		{248A2B82-E0B9-4FBC-994C-20A7FB921ADF}.Release|Any CPU.ActiveCfg = Release|Any CPU
		{248A2B82-E0B9-4FBC-994C-20A7FB921ADF}.Release|Any CPU.Build.0 = Release|Any CPU
	EndGlobalSection
	GlobalSection(SolutionProperties) = preSolution
		HideSolutionNode = FALSE
	EndGlobalSection
	GlobalSection(ExtensibilityGlobals) = postSolution
		SolutionGuid = {58E06471-AC0D-425F-8348-6925E7E1C6EE}
	EndGlobalSection
EndGlobal
