
Microsoft Visual Studio Solution File, Format Version 12.00
# Visual Studio Version 16
VisualStudioVersion = 16.0.29920.165
MinimumVisualStudioVersion = 10.0.40219.1
Project("{FAE04EC0-301F-11D3-BF4B-00C04F79EFBC}") = "tuto3", "tuto3\tuto3.csproj", "{CEDD00C9-B4CE-4DD8-AA5C-BBA5DEF7D380}"
EndProject
Global
	GlobalSection(SolutionConfigurationPlatforms) = preSolution
		Debug|Any CPU = Debug|Any CPU
		Release|Any CPU = Release|Any CPU
	EndGlobalSection
	GlobalSection(ProjectConfigurationPlatforms) = postSolution
		{CEDD00C9-B4CE-4DD8-AA5C-BBA5DEF7D380}.Debug|Any CPU.ActiveCfg = Debug|Any CPU
		{CEDD00C9-B4CE-4DD8-AA5C-BBA5DEF7D380}.Debug|Any CPU.Build.0 = Debug|Any CPU
		{CEDD00C9-B4CE-4DD8-AA5C-BBA5DEF7D380}.Release|Any CPU.ActiveCfg = Release|Any CPU
		{CEDD00C9-B4CE-4DD8-AA5C-BBA5DEF7D380}.Release|Any CPU.Build.0 = Release|Any CPU
	EndGlobalSection
	GlobalSection(SolutionProperties) = preSolution
		HideSolutionNode = FALSE
	EndGlobalSection
	GlobalSection(ExtensibilityGlobals) = postSolution
		SolutionGuid = {CE7ED1E9-70F5-4D26-9B11-58267F4FD006}
	EndGlobalSection
EndGlobal
