
Microsoft Visual Studio Solution File, Format Version 12.00
# Visual Studio Version 16
VisualStudioVersion = 16.0.30002.166
MinimumVisualStudioVersion = 10.0.40219.1
Project("{FAE04EC0-301F-11D3-BF4B-00C04F79EFBC}") = "apbd-tut11", "apbd-tut11\apbd-tut11.csproj", "{DCCD9BA0-F570-408A-A1EE-E7D116591EF1}"
EndProject
Global
	GlobalSection(SolutionConfigurationPlatforms) = preSolution
		Debug|Any CPU = Debug|Any CPU
		Release|Any CPU = Release|Any CPU
	EndGlobalSection
	GlobalSection(ProjectConfigurationPlatforms) = postSolution
		{DCCD9BA0-F570-408A-A1EE-E7D116591EF1}.Debug|Any CPU.ActiveCfg = Debug|Any CPU
		{DCCD9BA0-F570-408A-A1EE-E7D116591EF1}.Debug|Any CPU.Build.0 = Debug|Any CPU
		{DCCD9BA0-F570-408A-A1EE-E7D116591EF1}.Release|Any CPU.ActiveCfg = Release|Any CPU
		{DCCD9BA0-F570-408A-A1EE-E7D116591EF1}.Release|Any CPU.Build.0 = Release|Any CPU
	EndGlobalSection
	GlobalSection(SolutionProperties) = preSolution
		HideSolutionNode = FALSE
	EndGlobalSection
	GlobalSection(ExtensibilityGlobals) = postSolution
		SolutionGuid = {D879782D-7DAA-4EAE-92CB-6C012FBFB40D}
	EndGlobalSection
EndGlobal
